
Microsoft Visual Studio Solution File, Format Version 12.00
# Visual Studio 15
VisualStudioVersion = 15.0.28307.329
MinimumVisualStudioVersion = 10.0.40219.1
Project("{FAE04EC0-301F-11D3-BF4B-00C04F79EFBC}") = "MyBlog", "MyBlog\MyBlog.csproj", "{D10ED801-28B7-4C3D-87FC-1606EA7F8165}"
EndProject
Global
	GlobalSection(SolutionConfigurationPlatforms) = preSolution
		Debug|Any CPU = Debug|Any CPU
		Release|Any CPU = Release|Any CPU
	EndGlobalSection
	GlobalSection(ProjectConfigurationPlatforms) = postSolution
		{D10ED801-28B7-4C3D-87FC-1606EA7F8165}.Debug|Any CPU.ActiveCfg = Debug|Any CPU
		{D10ED801-28B7-4C3D-87FC-1606EA7F8165}.Debug|Any CPU.Build.0 = Debug|Any CPU
		{D10ED801-28B7-4C3D-87FC-1606EA7F8165}.Release|Any CPU.ActiveCfg = Release|Any CPU
		{D10ED801-28B7-4C3D-87FC-1606EA7F8165}.Release|Any CPU.Build.0 = Release|Any CPU
	EndGlobalSection
	GlobalSection(SolutionProperties) = preSolution
		HideSolutionNode = FALSE
	EndGlobalSection
	GlobalSection(ExtensibilityGlobals) = postSolution
		SolutionGuid = {B04D5AB3-177A-4FD0-99F1-76FC2BC5F9C5}
	EndGlobalSection
EndGlobal
